
Microsoft Visual Studio Solution File, Format Version 12.00
# Visual Studio 15
Project("{FAE04EC0-301F-11D3-BF4B-00C04F79EFBC}") = "Assembly-CSharp", "Assembly-CSharp.csproj", "{23B1D9FE-1164-E201-233A-6331CACC5339}"
EndProject
Project("{FAE04EC0-301F-11D3-BF4B-00C04F79EFBC}") = "Assembly-CSharp-Editor", "Assembly-CSharp-Editor.csproj", "{2888D60F-2158-F97C-2726-A3ED9007A832}"
EndProject
Global
	GlobalSection(SolutionConfigurationPlatforms) = preSolution
		Debug|Any CPU = Debug|Any CPU
		Release|Any CPU = Release|Any CPU
	EndGlobalSection
	GlobalSection(ProjectConfigurationPlatforms) = postSolution
		{23B1D9FE-1164-E201-233A-6331CACC5339}.Debug|Any CPU.ActiveCfg = Debug|Any CPU
		{23B1D9FE-1164-E201-233A-6331CACC5339}.Debug|Any CPU.Build.0 = Debug|Any CPU
		{23B1D9FE-1164-E201-233A-6331CACC5339}.Release|Any CPU.ActiveCfg = Release|Any CPU
		{23B1D9FE-1164-E201-233A-6331CACC5339}.Release|Any CPU.Build.0 = Release|Any CPU
		{2888D60F-2158-F97C-2726-A3ED9007A832}.Debug|Any CPU.ActiveCfg = Debug|Any CPU
		{2888D60F-2158-F97C-2726-A3ED9007A832}.Debug|Any CPU.Build.0 = Debug|Any CPU
		{2888D60F-2158-F97C-2726-A3ED9007A832}.Release|Any CPU.ActiveCfg = Release|Any CPU
		{2888D60F-2158-F97C-2726-A3ED9007A832}.Release|Any CPU.Build.0 = Release|Any CPU
	EndGlobalSection
	GlobalSection(SolutionProperties) = preSolution
		HideSolutionNode = FALSE
	EndGlobalSection
EndGlobal
